
Microsoft Visual Studio Solution File, Format Version 12.00
# Visual Studio 15
Project("{FAE04EC0-301F-11D3-BF4B-00C04F79EFBC}") = "Assembly-CSharp", "Assembly-CSharp.csproj", "{883F98E5-ECED-406A-1FAD-C96346E98784}"
EndProject
Global
	GlobalSection(SolutionConfigurationPlatforms) = preSolution
		Debug|Any CPU = Debug|Any CPU
		Release|Any CPU = Release|Any CPU
	EndGlobalSection
	GlobalSection(ProjectConfigurationPlatforms) = postSolution
		{883F98E5-ECED-406A-1FAD-C96346E98784}.Debug|Any CPU.ActiveCfg = Debug|Any CPU
		{883F98E5-ECED-406A-1FAD-C96346E98784}.Debug|Any CPU.Build.0 = Debug|Any CPU
		{883F98E5-ECED-406A-1FAD-C96346E98784}.Release|Any CPU.ActiveCfg = Release|Any CPU
		{883F98E5-ECED-406A-1FAD-C96346E98784}.Release|Any CPU.Build.0 = Release|Any CPU
	EndGlobalSection
	GlobalSection(SolutionProperties) = preSolution
		HideSolutionNode = FALSE
	EndGlobalSection
EndGlobal
